
Microsoft Visual Studio Solution File, Format Version 11.00
# Visual Studio 2010
Project("{8BC9CEB8-8B4A-11D0-8D11-00A0C91BC942}") = "Colorspread", "Colorspread.vcxproj", "{F2BF7124-F86D-4E82-9D31-728D41538D22}"
EndProject
Global
	GlobalSection(SolutionConfigurationPlatforms) = preSolution
		Debug|Win32 = Debug|Win32
		Release|Win32 = Release|Win32
	EndGlobalSection
	GlobalSection(ProjectConfigurationPlatforms) = postSolution
		{F2BF7124-F86D-4E82-9D31-728D41538D22}.Debug|Win32.ActiveCfg = Debug|Win32
		{F2BF7124-F86D-4E82-9D31-728D41538D22}.Debug|Win32.Build.0 = Debug|Win32
		{F2BF7124-F86D-4E82-9D31-728D41538D22}.Release|Win32.ActiveCfg = Release|Win32
		{F2BF7124-F86D-4E82-9D31-728D41538D22}.Release|Win32.Build.0 = Release|Win32
	EndGlobalSection
	GlobalSection(SolutionProperties) = preSolution
		HideSolutionNode = FALSE
	EndGlobalSection
EndGlobal
